// !$*UTF8*$!
{
	archiveVersion = 1;
	classes = {
	};
	objectVersion = 55;
	objects = {

/* Begin PBXBuildFile section */
		C0C7EE782821AD1100907D80 /* AppDelegate.swift in Sources */ = {isa = PBXBuildFile; fileRef = C0C7EE772821AD1100907D80 /* AppDelegate.swift */; };
		C0C7EE7A2821AD1100907D80 /* GameViewController.swift in Sources */ = {isa = PBXBuildFile; fileRef = C0C7EE792821AD1100907D80 /* GameViewController.swift */; };
		C0C7EE7D2821AD1100907D80 /* Main.storyboard in Resources */ = {isa = PBXBuildFile; fileRef = C0C7EE7B2821AD1100907D80 /* Main.storyboard */; };
		C0C7EE802821AD1100907D80 /* LaunchScreen.storyboard in Resources */ = {isa = PBXBuildFile; fileRef = C0C7EE7E2821AD1100907D80 /* LaunchScreen.storyboard */; };
		C0C7EE822821AD1100907D80 /* GameScene.sks in Resources */ = {isa = PBXBuildFile; fileRef = C0C7EE6D2821AD0E00907D80 /* GameScene.sks */; };
		C0C7EE832821AD1100907D80 /* GameScene.swift in Sources */ = {isa = PBXBuildFile; fileRef = C0C7EE6E2821AD0E00907D80 /* GameScene.swift */; };
		C0C7EE842821AD1100907D80 /* Assets.xcassets in Resources */ = {isa = PBXBuildFile; fileRef = C0C7EE6F2821AD1100907D80 /* Assets.xcassets */; };
		C0C7EE8E2821CDF500907D80 /* pulse.sks in Resources */ = {isa = PBXBuildFile; fileRef = C0C7EE8C2821CDF500907D80 /* pulse.sks */; };
		C0C7EE8F2821CDF500907D80 /* fireworks.sks in Resources */ = {isa = PBXBuildFile; fileRef = C0C7EE8D2821CDF500907D80 /* fireworks.sks */; };
/* End PBXBuildFile section */

/* Begin PBXFileReference section */
		C0C7EE6D2821AD0E00907D80 /* GameScene.sks */ = {isa = PBXFileReference; lastKnownFileType = file.sks; path = GameScene.sks; sourceTree = "<group>"; };
		C0C7EE6E2821AD0E00907D80 /* GameScene.swift */ = {isa = PBXFileReference; lastKnownFileType = sourcecode.swift; path = GameScene.swift; sourceTree = "<group>"; };
		C0C7EE6F2821AD1100907D80 /* Assets.xcassets */ = {isa = PBXFileReference; lastKnownFileType = folder.assetcatalog; path = Assets.xcassets; sourceTree = "<group>"; };
		C0C7EE742821AD1100907D80 /* ColorGame.app */ = {isa = PBXFileReference; explicitFileType = wrapper.application; includeInIndex = 0; path = ColorGame.app; sourceTree = BUILT_PRODUCTS_DIR; };
		C0C7EE772821AD1100907D80 /* AppDelegate.swift */ = {isa = PBXFileReference; lastKnownFileType = sourcecode.swift; path = AppDelegate.swift; sourceTree = "<group>"; };
		C0C7EE792821AD1100907D80 /* GameViewController.swift */ = {isa = PBXFileReference; lastKnownFileType = sourcecode.swift; path = GameViewController.swift; sourceTree = "<group>"; };
		C0C7EE7C2821AD1100907D80 /* Base */ = {isa = PBXFileReference; lastKnownFileType = file.storyboard; name = Base; path = Base.lproj/Main.storyboard; sourceTree = "<group>"; };
		C0C7EE7F2821AD1100907D80 /* Base */ = {isa = PBXFileReference; lastKnownFileType = file.storyboard; name = Base; path = Base.lproj/LaunchScreen.storyboard; sourceTree = "<group>"; };
		C0C7EE8C2821CDF500907D80 /* pulse.sks */ = {isa = PBXFileReference; lastKnownFileType = file.sks; name = pulse.sks; path = "../../../../../../Downloads/Exercise Files/05/05_02/End/ColorGame/ColorGame/pulse.sks"; sourceTree = "<group>"; };
		C0C7EE8D2821CDF500907D80 /* fireworks.sks */ = {isa = PBXFileReference; lastKnownFileType = file.sks; name = fireworks.sks; path = "../../../../../../Downloads/Exercise Files/05/05_02/End/ColorGame/ColorGame/fireworks.sks"; sourceTree = "<group>"; };
/* End PBXFileReference section */

/* Begin PBXFrameworksBuildPhase section */
		C0C7EE712821AD1100907D80 /* Frameworks */ = {
			isa = PBXFrameworksBuildPhase;
			buildActionMask = 2147483647;
			files = (
			);
			runOnlyForDeploymentPostprocessing = 0;
		};
/* End PBXFrameworksBuildPhase section */

/* Begin PBXGroup section */
		C0C7EE662821AD0E00907D80 = {
			isa = PBXGroup;
			children = (
				C0C7EE6B2821AD0E00907D80 /* ColorGame Shared */,
				C0C7EE762821AD1100907D80 /* ColorGame iOS */,
				C0C7EE752821AD1100907D80 /* Products */,
			);
			sourceTree = "<group>";
		};
		C0C7EE6B2821AD0E00907D80 /* ColorGame Shared */ = {
			isa = PBXGroup;
			children = (
				C0C7EE6D2821AD0E00907D80 /* GameScene.sks */,
				C0C7EE6E2821AD0E00907D80 /* GameScene.swift */,
				C0C7EE6F2821AD1100907D80 /* Assets.xcassets */,
				C0C7EE8D2821CDF500907D80 /* fireworks.sks */,
				C0C7EE8C2821CDF500907D80 /* pulse.sks */,
			);
			path = "ColorGame Shared";
			sourceTree = "<group>";
		};
		C0C7EE752821AD1100907D80 /* Products */ = {
			isa = PBXGroup;
			children = (
				C0C7EE742821AD1100907D80 /* ColorGame.app */,
			);
			name = Products;
			sourceTree = "<group>";
		};
		C0C7EE762821AD1100907D80 /* ColorGame iOS */ = {
			isa = PBXGroup;
			children = (
				C0C7EE772821AD1100907D80 /* AppDelegate.swift */,
				C0C7EE792821AD1100907D80 /* GameViewController.swift */,
				C0C7EE7B2821AD1100907D80 /* Main.storyboard */,
				C0C7EE7E2821AD1100907D80 /* LaunchScreen.storyboard */,
			);
			path = "ColorGame iOS";
			sourceTree = "<group>";
		};
/* End PBXGroup section */

/* Begin PBXNativeTarget section */
		C0C7EE732821AD1100907D80 /* ColorGame iOS */ = {
			isa = PBXNativeTarget;
			buildConfigurationList = C0C7EE872821AD1100907D80 /* Build configuration list for PBXNativeTarget "ColorGame iOS" */;
			buildPhases = (
				C0C7EE702821AD1100907D80 /* Sources */,
				C0C7EE712821AD1100907D80 /* Frameworks */,
				C0C7EE722821AD1100907D80 /* Resources */,
			);
			buildRules = (
			);
			dependencies = (
			);
			name = "ColorGame iOS";
			productName = "ColorGame iOS";
			productReference = C0C7EE742821AD1100907D80 /* ColorGame.app */;
			productType = "com.apple.product-type.application";
		};
/* End PBXNativeTarget section */

/* Begin PBXProject section */
		C0C7EE672821AD0E00907D80 /* Project object */ = {
			isa = PBXProject;
			attributes = {
				BuildIndependentTargetsInParallel = 1;
				LastSwiftUpdateCheck = 1330;
				LastUpgradeCheck = 1330;
				TargetAttributes = {
					C0C7EE732821AD1100907D80 = {
						CreatedOnToolsVersion = 13.3.1;
					};
				};
			};
			buildConfigurationList = C0C7EE6A2821AD0E00907D80 /* Build configuration list for PBXProject "ColorGame" */;
			compatibilityVersion = "Xcode 13.0";
			developmentRegion = en;
			hasScannedForEncodings = 0;
			knownRegions = (
				en,
				Base,
			);
			mainGroup = C0C7EE662821AD0E00907D80;
			productRefGroup = C0C7EE752821AD1100907D80 /* Products */;
			projectDirPath = "";
			projectRoot = "";
			targets = (
				C0C7EE732821AD1100907D80 /* ColorGame iOS */,
			);
		};
/* End PBXProject section */

/* Begin PBXResourcesBuildPhase section */
		C0C7EE722821AD1100907D80 /* Resources */ = {
			isa = PBXResourcesBuildPhase;
			buildActionMask = 2147483647;
			files = (
				C0C7EE822821AD1100907D80 /* GameScene.sks in Resources */,
				C0C7EE8E2821CDF500907D80 /* pulse.sks in Resources */,
				C0C7EE7D2821AD1100907D80 /* Main.storyboard in Resources */,
				C0C7EE8F2821CDF500907D80 /* fireworks.sks in Resources */,
				C0C7EE802821AD1100907D80 /* LaunchScreen.storyboard in Resources */,
				C0C7EE842821AD1100907D80 /* Assets.xcassets in Resources */,
			);
			runOnlyForDeploymentPostprocessing = 0;
		};
/* End PBXResourcesBuildPhase section */

/* Begin PBXSourcesBuildPhase section */
		C0C7EE702821AD1100907D80 /* Sources */ = {
			isa = PBXSourcesBuildPhase;
			buildActionMask = 2147483647;
			files = (
				C0C7EE832821AD1100907D80 /* GameScene.swift in Sources */,
				C0C7EE7A2821AD1100907D80 /* GameViewController.swift in Sources */,
				C0C7EE782821AD1100907D80 /* AppDelegate.swift in Sources */,
			);
			runOnlyForDeploymentPostprocessing = 0;
		};
/* End PBXSourcesBuildPhase section */

/* Begin PBXVariantGroup section */
		C0C7EE7B2821AD1100907D80 /* Main.storyboard */ = {
			isa = PBXVariantGroup;
			children = (
				C0C7EE7C2821AD1100907D80 /* Base */,
			);
			name = Main.storyboard;
			sourceTree = "<group>";
		};
		C0C7EE7E2821AD1100907D80 /* LaunchScreen.storyboard */ = {
			isa = PBXVariantGroup;
			children = (
				C0C7EE7F2821AD1100907D80 /* Base */,
			);
			name = LaunchScreen.storyboard;
			sourceTree = "<group>";
		};
/* End PBXVariantGroup section */

/* Begin XCBuildConfiguration section */
		C0C7EE852821AD1100907D80 /* Debug */ = {
			isa = XCBuildConfiguration;
			buildSettings = {
				ALWAYS_SEARCH_USER_PATHS = NO;
				CLANG_ANALYZER_NONNULL = YES;
				CLANG_ANALYZER_NUMBER_OBJECT_CONVERSION = YES_AGGRESSIVE;
				CLANG_CXX_LANGUAGE_STANDARD = "gnu++17";
				CLANG_ENABLE_MODULES = YES;
				CLANG_ENABLE_OBJC_ARC = YES;
				CLANG_ENABLE_OBJC_WEAK = YES;
				CLANG_WARN_BLOCK_CAPTURE_AUTORELEASING = YES;
				CLANG_WARN_BOOL_CONVERSION = YES;
				CLANG_WARN_COMMA = YES;
				CLANG_WARN_CONSTANT_CONVERSION = YES;
				CLANG_WARN_DEPRECATED_OBJC_IMPLEMENTATIONS = YES;
				CLANG_WARN_DIRECT_OBJC_ISA_USAGE = YES_ERROR;
				CLANG_WARN_DOCUMENTATION_COMMENTS = YES;
				CLANG_WARN_EMPTY_BODY = YES;
				CLANG_WARN_ENUM_CONVERSION = YES;
				CLANG_WARN_INFINITE_RECURSION = YES;
				CLANG_WARN_INT_CONVERSION = YES;
				CLANG_WARN_NON_LITERAL_NULL_CONVERSION = YES;
				CLANG_WARN_OBJC_IMPLICIT_RETAIN_SELF = YES;
				CLANG_WARN_OBJC_LITERAL_CONVERSION = YES;
				CLANG_WARN_OBJC_ROOT_CLASS = YES_ERROR;
				CLANG_WARN_QUOTED_INCLUDE_IN_FRAMEWORK_HEADER = YES;
				CLANG_WARN_RANGE_LOOP_ANALYSIS = YES;
				CLANG_WARN_STRICT_PROTOTYPES = YES;
				CLANG_WARN_SUSPICIOUS_MOVE = YES;
				CLANG_WARN_UNGUARDED_AVAILABILITY = YES_AGGRESSIVE;
				CLANG_WARN_UNREACHABLE_CODE = YES;
				CLANG_WARN__DUPLICATE_METHOD_MATCH = YES;
				COPY_PHASE_STRIP = NO;
				DEBUG_INFORMATION_FORMAT = dwarf;
				ENABLE_STRICT_OBJC_MSGSEND = YES;
				ENABLE_TESTABILITY = YES;
				GCC_C_LANGUAGE_STANDARD = gnu11;
				GCC_DYNAMIC_NO_PIC = NO;
				GCC_NO_COMMON_BLOCKS = YES;
				GCC_OPTIMIZATION_LEVEL = 0;
				GCC_PREPROCESSOR_DEFINITIONS = (
					"DEBUG=1",
					"$(inherited)",
				);
				GCC_WARN_64_TO_32_BIT_CONVERSION = YES;
				GCC_WARN_ABOUT_RETURN_TYPE = YES_ERROR;
				GCC_WARN_UNDECLARED_SELECTOR = YES;
				GCC_WARN_UNINITIALIZED_AUTOS = YES_AGGRESSIVE;
				GCC_WARN_UNUSED_FUNCTION = YES;
				GCC_WARN_UNUSED_VARIABLE = YES;
				MTL_ENABLE_DEBUG_INFO = INCLUDE_SOURCE;
				MTL_FAST_MATH = YES;
				ONLY_ACTIVE_ARCH = YES;
				SWIFT_ACTIVE_COMPILATION_CONDITIONS = DEBUG;
				SWIFT_OPTIMIZATION_LEVEL = "-Onone";
			};
			name = Debug;
		};
		C0C7EE862821AD1100907D80 /* Release */ = {
			isa = XCBuildConfiguration;
			buildSettings = {
				ALWAYS_SEARCH_USER_PATHS = NO;
				CLANG_ANALYZER_NONNULL = YES;
				CLANG_ANALYZER_NUMBER_OBJECT_CONVERSION = YES_AGGRESSIVE;
				CLANG_CXX_LANGUAGE_STANDARD = "gnu++17";
				CLANG_ENABLE_MODULES = YES;
				CLANG_ENABLE_OBJC_ARC = YES;
				CLANG_ENABLE_OBJC_WEAK = YES;
				CLANG_WARN_BLOCK_CAPTURE_AUTORELEASING = YES;
				CLANG_WARN_BOOL_CONVERSION = YES;
				CLANG_WARN_COMMA = YES;
				CLANG_WARN_CONSTANT_CONVERSION = YES;
				CLANG_WARN_DEPRECATED_OBJC_IMPLEMENTATIONS = YES;
				CLANG_WARN_DIRECT_OBJC_ISA_USAGE = YES_ERROR;
				CLANG_WARN_DOCUMENTATION_COMMENTS = YES;
				CLANG_WARN_EMPTY_BODY = YES;
				CLANG_WARN_ENUM_CONVERSION = YES;
				CLANG_WARN_INFINITE_RECURSION = YES;
				CLANG_WARN_INT_CONVERSION = YES;
				CLANG_WARN_NON_LITERAL_NULL_CONVERSION = YES;
				CLANG_WARN_OBJC_IMPLICIT_RETAIN_SELF = YES;
				CLANG_WARN_OBJC_LITERAL_CONVERSION = YES;
				CLANG_WARN_OBJC_ROOT_CLASS = YES_ERROR;
				CLANG_WARN_QUOTED_INCLUDE_IN_FRAMEWORK_HEADER = YES;
				CLANG_WARN_RANGE_LOOP_ANALYSIS = YES;
				CLANG_WARN_STRICT_PROTOTYPES = YES;
				CLANG_WARN_SUSPICIOUS_MOVE = YES;
				CLANG_WARN_UNGUARDED_AVAILABILITY = YES_AGGRESSIVE;
				CLANG_WARN_UNREACHABLE_CODE = YES;
				CLANG_WARN__DUPLICATE_METHOD_MATCH = YES;
				COPY_PHASE_STRIP = NO;
				DEBUG_INFORMATION_FORMAT = "dwarf-with-dsym";
				ENABLE_NS_ASSERTIONS = NO;
				ENABLE_STRICT_OBJC_MSGSEND = YES;
				GCC_C_LANGUAGE_STANDARD = gnu11;
				GCC_NO_COMMON_BLOCKS = YES;
				GCC_WARN_64_TO_32_BIT_CONVERSION = YES;
				GCC_WARN_ABOUT_RETURN_TYPE = YES_ERROR;
				GCC_WARN_UNDECLARED_SELECTOR = YES;
				GCC_WARN_UNINITIALIZED_AUTOS = YES_AGGRESSIVE;
				GCC_WARN_UNUSED_FUNCTION = YES;
				GCC_WARN_UNUSED_VARIABLE = YES;
				MTL_ENABLE_DEBUG_INFO = NO;
				MTL_FAST_MATH = YES;
				SWIFT_COMPILATION_MODE = wholemodule;
				SWIFT_OPTIMIZATION_LEVEL = "-O";
			};
			name = Release;
		};
		C0C7EE882821AD1100907D80 /* Debug */ = {
			isa = XCBuildConfiguration;
			buildSettings = {
				ASSETCATALOG_COMPILER_APPICON_NAME = AppIcon;
				ASSETCATALOG_COMPILER_GLOBAL_ACCENT_COLOR_NAME = AccentColor;
				CODE_SIGN_STYLE = Automatic;
				CURRENT_PROJECT_VERSION = 1;
				DEVELOPMENT_TEAM = 9Z86N6X4FM;
				GENERATE_INFOPLIST_FILE = YES;
				INFOPLIST_KEY_UIApplicationSupportsIndirectInputEvents = YES;
				INFOPLIST_KEY_UILaunchStoryboardName = LaunchScreen;
				INFOPLIST_KEY_UIMainStoryboardFile = Main;
				INFOPLIST_KEY_UIStatusBarHidden = YES;
				INFOPLIST_KEY_UISupportedInterfaceOrientations_iPad = "UIInterfaceOrientationPortrait UIInterfaceOrientationPortraitUpsideDown UIInterfaceOrientationLandscapeLeft UIInterfaceOrientationLandscapeRight";
				INFOPLIST_KEY_UISupportedInterfaceOrientations_iPhone = "UIInterfaceOrientationPortrait UIInterfaceOrientationLandscapeLeft UIInterfaceOrientationLandscapeRight";
				IPHONEOS_DEPLOYMENT_TARGET = 15.4;
				LD_RUNPATH_SEARCH_PATHS = (
					"$(inherited)",
					"@executable_path/Frameworks",
				);
				MARKETING_VERSION = 1.0;
				PRODUCT_BUNDLE_IDENTIFIER = com.carlosamaral.ColorGame;
				PRODUCT_NAME = ColorGame;
				SDKROOT = iphoneos;
				SWIFT_EMIT_LOC_STRINGS = YES;
				SWIFT_VERSION = 5.0;
				TARGETED_DEVICE_FAMILY = "1,2";
			};
			name = Debug;
		};
		C0C7EE892821AD1100907D80 /* Release */ = {
			isa = XCBuildConfiguration;
			buildSettings = {
				ASSETCATALOG_COMPILER_APPICON_NAME = AppIcon;
				ASSETCATALOG_COMPILER_GLOBAL_ACCENT_COLOR_NAME = AccentColor;
				CODE_SIGN_STYLE = Automatic;
				CURRENT_PROJECT_VERSION = 1;
				DEVELOPMENT_TEAM = 9Z86N6X4FM;
				GENERATE_INFOPLIST_FILE = YES;
				INFOPLIST_KEY_UIApplicationSupportsIndirectInputEvents = YES;
				INFOPLIST_KEY_UILaunchStoryboardName = LaunchScreen;
				INFOPLIST_KEY_UIMainStoryboardFile = Main;
				INFOPLIST_KEY_UIStatusBarHidden = YES;
				INFOPLIST_KEY_UISupportedInterfaceOrientations_iPad = "UIInterfaceOrientationPortrait UIInterfaceOrientationPortraitUpsideDown UIInterfaceOrientationLandscapeLeft UIInterfaceOrientationLandscapeRight";
				INFOPLIST_KEY_UISupportedInterfaceOrientations_iPhone = "UIInterfaceOrientationPortrait UIInterfaceOrientationLandscapeLeft UIInterfaceOrientationLandscapeRight";
				IPHONEOS_DEPLOYMENT_TARGET = 15.4;
				LD_RUNPATH_SEARCH_PATHS = (
					"$(inherited)",
					"@executable_path/Frameworks",
				);
				MARKETING_VERSION = 1.0;
				PRODUCT_BUNDLE_IDENTIFIER = com.carlosamaral.ColorGame;
				PRODUCT_NAME = ColorGame;
				SDKROOT = iphoneos;
				SWIFT_EMIT_LOC_STRINGS = YES;
				SWIFT_VERSION = 5.0;
				TARGETED_DEVICE_FAMILY = "1,2";
				VALIDATE_PRODUCT = YES;
			};
			name = Release;
		};
/* End XCBuildConfiguration section */

/* Begin XCConfigurationList section */
		C0C7EE6A2821AD0E00907D80 /* Build configuration list for PBXProject "ColorGame" */ = {
			isa = XCConfigurationList;
			buildConfigurations = (
				C0C7EE852821AD1100907D80 /* Debug */,
				C0C7EE862821AD1100907D80 /* Release */,
			);
			defaultConfigurationIsVisible = 0;
			defaultConfigurationName = Release;
		};
		C0C7EE872821AD1100907D80 /* Build configuration list for PBXNativeTarget "ColorGame iOS" */ = {
			isa = XCConfigurationList;
			buildConfigurations = (
				C0C7EE882821AD1100907D80 /* Debug */,
				C0C7EE892821AD1100907D80 /* Release */,
			);
			defaultConfigurationIsVisible = 0;
			defaultConfigurationName = Release;
		};
/* End XCConfigurationList section */
	};
	rootObject = C0C7EE672821AD0E00907D80 /* Project object */;
}
